{"R":{"Version":"4.1.0","Repositories":[{"Name":"CRAN","URL":"https://cran.rstudio.com"}]},"Packages":{"BH":{"Source":"Repository","Package":"BH","Version":"1.75.0-0","Repository":"CRAN"},"DBI":{"Source":"Repository","Package":"DBI","Version":"1.1.1","Repository":"CRAN"},"R6":{"Source":"Repository","Package":"R6","Version":"2.5.0","Repository":"CRAN"},"RColorBrewer":{"Source":"Repository","Package":"RColorBrewer","Version":"1.1-2","Repository":"CRAN"},"RPostgres":{"Source":"Repository","Package":"RPostgres","Version":"1.3.2","Repository":"CRAN"},"Rcpp":{"Source":"Repository","Package":"Rcpp","Version":"1.0.6","Repository":"CRAN"},"V8":{"Source":"Repository","Package":"V8","Version":"3.4.2","Repository":"CRAN"},"askpass":{"Source":"Repository","Package":"askpass","Version":"1.1","Repository":"CRAN"},"assertthat":{"Source":"Repository","Package":"assertthat","Version":"0.2.1","Repository":"CRAN"},"backports":{"Source":"Repository","Package":"backports","Version":"1.2.1","Repository":"CRAN"},"base64enc":{"Source":"Repository","Package":"base64enc","Version":"0.1-3","Repository":"CRAN"},"bit":{"Source":"Repository","Package":"bit","Version":"4.0.4","Repository":"CRAN"},"bit64":{"Source":"Repository","Package":"bit64","Version":"4.0.5","Repository":"CRAN"},"bitops":{"Source":"Repository","Package":"bitops","Version":"1.0-7","Repository":"CRAN"},"blob":{"Source":"Repository","Package":"blob","Version":"1.2.1","Repository":"CRAN"},"broom":{"Source":"Repository","Package":"broom","Version":"0.7.7","Repository":"CRAN"},"bslib":{"Source":"Repository","Package":"bslib","Version":"0.2.5.1","Repository":"CRAN"},"cachem":{"Source":"Repository","Package":"cachem","Version":"1.0.5","Repository":"CRAN"},"callr":{"Source":"Repository","Package":"callr","Version":"3.7.0","Repository":"CRAN"},"capsule":{"Source":"GitHub","Package":"capsule","Version":"0.3.0.9000","Remotes":"rstudio/renv, anthonynorth/using","RemoteType":"github","RemoteHost":"api.github.com","RemoteRepo":"capsule","RemoteUsername":"milesmcbain","RemotePkgRef":"milesmcbain/capsule","RemoteRef":"HEAD","RemoteSha":"a5d1c92769a1bf7d82756ba21ef8d84edfa7c728"},"cellranger":{"Source":"Repository","Package":"cellranger","Version":"1.1.0","Repository":"CRAN"},"checkmate":{"Source":"Repository","Package":"checkmate","Version":"2.0.0","Repository":"CRAN"},"classInt":{"Source":"Repository","Package":"classInt","Version":"0.4-3","Repository":"CRAN"},"cli":{"Source":"Repository","Package":"cli","Version":"2.5.0","Repository":"CRAN"},"clipr":{"Source":"Repository","Package":"clipr","Version":"0.7.1","Repository":"CRAN"},"colorspace":{"Source":"Repository","Package":"colorspace","Version":"2.0-1","Repository":"CRAN"},"commonmark":{"Source":"Repository","Package":"commonmark","Version":"1.7","Repository":"CRAN"},"conflicted":{"Source":"Repository","Package":"conflicted","Version":"1.0.4","Repository":"CRAN"},"cpp11":{"Source":"Repository","Package":"cpp11","Version":"0.2.7","Repository":"CRAN"},"crayon":{"Source":"Repository","Package":"crayon","Version":"1.4.1","Repository":"CRAN"},"crul":{"Source":"Repository","Package":"crul","Version":"1.1.0","Repository":"CRAN"},"curl":{"Source":"Repository","Package":"curl","Version":"4.3.1","Repository":"CRAN"},"data.table":{"Source":"Repository","Package":"data.table","Version":"1.14.0","Repository":"CRAN"},"datastructures":{"Source":"Repository","Package":"datastructures","Version":"0.2.9","Repository":"CRAN"},"dbplyr":{"Source":"Repository","Package":"dbplyr","Version":"2.1.1","Repository":"CRAN"},"digest":{"Source":"Repository","Package":"digest","Version":"0.6.27","Repository":"CRAN"},"dotenv":{"Source":"Repository","Package":"dotenv","Version":"1.0.3","Repository":"CRAN"},"dplyr":{"Source":"Repository","Package":"dplyr","Version":"1.0.6","Repository":"CRAN"},"dtplyr":{"Source":"Repository","Package":"dtplyr","Version":"1.1.0","Repository":"CRAN"},"e1071":{"Source":"Repository","Package":"e1071","Version":"1.7-7","Repository":"CRAN"},"ellipsis":{"Source":"Repository","Package":"ellipsis","Version":"0.3.2","Repository":"CRAN"},"evaluate":{"Source":"Repository","Package":"evaluate","Version":"0.14","Repository":"CRAN"},"fansi":{"Source":"Repository","Package":"fansi","Version":"0.5.0","Repository":"CRAN"},"farver":{"Source":"Repository","Package":"farver","Version":"2.1.0","Repository":"CRAN"},"fastmap":{"Source":"Repository","Package":"fastmap","Version":"1.1.0","Repository":"CRAN"},"filelock":{"Source":"Repository","Package":"filelock","Version":"1.0.2","Repository":"CRAN"},"flexdashboard":{"Source":"Repository","Package":"flexdashboard","Version":"0.5.2","Repository":"CRAN"},"flextable":{"Source":"Repository","Package":"flextable","Version":"0.6.6","Repository":"CRAN"},"forcats":{"Source":"Repository","Package":"forcats","Version":"0.5.1","Repository":"CRAN"},"fs":{"Source":"Repository","Package":"fs","Version":"1.5.0","Repository":"CRAN"},"furrr":{"Source":"Repository","Package":"furrr","Version":"0.2.2","Repository":"CRAN"},"future":{"Source":"Repository","Package":"future","Version":"1.21.0","Repository":"CRAN"},"gargle":{"Source":"Repository","Package":"gargle","Version":"1.1.0","Repository":"CRAN"},"gdtools":{"Source":"Repository","Package":"gdtools","Version":"0.2.3","Repository":"CRAN"},"generics":{"Source":"Repository","Package":"generics","Version":"0.1.0","Repository":"CRAN"},"geojson":{"Source":"Repository","Package":"geojson","Version":"0.3.4","Repository":"CRAN"},"geojsonio":{"Source":"Repository","Package":"geojsonio","Version":"0.9.4","Repository":"CRAN"},"geojsonlint":{"Source":"Repository","Package":"geojsonlint","Version":"0.4.0","Repository":"CRAN"},"geojsonsf":{"Source":"Repository","Package":"geojsonsf","Version":"2.0.1","Repository":"CRAN"},"geometries":{"Source":"Repository","Package":"geometries","Version":"0.2.0","Repository":"CRAN"},"ggplot2":{"Source":"Repository","Package":"ggplot2","Version":"3.3.4","Repository":"CRAN"},"globals":{"Source":"Repository","Package":"globals","Version":"0.14.0","Repository":"CRAN"},"glue":{"Source":"Repository","Package":"glue","Version":"1.4.2","Repository":"CRAN"},"googledrive":{"Source":"Repository","Package":"googledrive","Version":"1.0.1","Repository":"CRAN"},"googlesheets4":{"Source":"Repository","Package":"googlesheets4","Version":"0.3.0","Repository":"CRAN"},"gridExtra":{"Source":"Repository","Package":"gridExtra","Version":"2.3","Repository":"CRAN"},"gt":{"Source":"Repository","Package":"gt","Version":"0.3.0","Repository":"CRAN"},"gtable":{"Source":"Repository","Package":"gtable","Version":"0.3.0","Repository":"CRAN"},"h3jsr":{"Source":"GitHub","Package":"h3jsr","Version":"1.2.1","RemoteType":"github","RemoteHost":"api.github.com","RemoteRepo":"h3jsr","RemoteUsername":"obrl-soil","RemotePkgRef":"obrl-soil/h3jsr","RemoteRef":"HEAD","RemoteSha":"f1f9d58e883bf4e59dcb397889e3d3ed9f8d5afd"},"haven":{"Source":"Repository","Package":"haven","Version":"2.4.1","Repository":"CRAN"},"highr":{"Source":"Repository","Package":"highr","Version":"0.9","Repository":"CRAN"},"hms":{"Source":"Repository","Package":"hms","Version":"1.1.0","Repository":"CRAN"},"htmltools":{"Source":"Repository","Package":"htmltools","Version":"0.5.1.1","Repository":"CRAN"},"htmlwidgets":{"Source":"Repository","Package":"htmlwidgets","Version":"1.5.3","Repository":"CRAN"},"httpcode":{"Source":"Repository","Package":"httpcode","Version":"0.3.0","Repository":"CRAN"},"httpuv":{"Source":"Repository","Package":"httpuv","Version":"1.6.1","Repository":"CRAN"},"httr":{"Source":"Repository","Package":"httr","Version":"1.4.2","Repository":"CRAN"},"ids":{"Source":"Repository","Package":"ids","Version":"1.0.1","Repository":"CRAN"},"igraph":{"Source":"Repository","Package":"igraph","Version":"1.2.6","Repository":"CRAN"},"isoband":{"Source":"Repository","Package":"isoband","Version":"0.2.4","Repository":"CRAN"},"janitor":{"Source":"Repository","Package":"janitor","Version":"2.1.0","Repository":"CRAN"},"jqr":{"Source":"Repository","Package":"jqr","Version":"1.2.1","Repository":"CRAN"},"jquerylib":{"Source":"Repository","Package":"jquerylib","Version":"0.1.4","Repository":"CRAN"},"jsonify":{"Source":"Repository","Package":"jsonify","Version":"1.2.1","Repository":"CRAN"},"jsonlite":{"Source":"Repository","Package":"jsonlite","Version":"1.7.2","Repository":"CRAN"},"jsonvalidate":{"Source":"Repository","Package":"jsonvalidate","Version":"1.1.0","Repository":"CRAN"},"keyring":{"Source":"Repository","Package":"keyring","Version":"1.2.0","Repository":"CRAN"},"knitr":{"Source":"Repository","Package":"knitr","Version":"1.33","Repository":"CRAN"},"labeling":{"Source":"Repository","Package":"labeling","Version":"0.4.2","Repository":"CRAN"},"later":{"Source":"Repository","Package":"later","Version":"1.2.0","Repository":"CRAN"},"lazyeval":{"Source":"Repository","Package":"lazyeval","Version":"0.2.2","Repository":"CRAN"},"lifecycle":{"Source":"Repository","Package":"lifecycle","Version":"1.0.0","Repository":"CRAN"},"listenv":{"Source":"Repository","Package":"listenv","Version":"0.8.0","Repository":"CRAN"},"lubridate":{"Source":"Repository","Package":"lubridate","Version":"1.7.10","Repository":"CRAN"},"magrittr":{"Source":"Repository","Package":"magrittr","Version":"2.0.1","Repository":"CRAN"},"maptools":{"Source":"Repository","Package":"maptools","Version":"1.1-1","Repository":"CRAN"},"markdown":{"Source":"Repository","Package":"markdown","Version":"1.1","Repository":"CRAN"},"memoise":{"Source":"Repository","Package":"memoise","Version":"2.0.0","Repository":"CRAN"},"mime":{"Source":"Repository","Package":"mime","Version":"0.10","Repository":"CRAN"},"modelr":{"Source":"Repository","Package":"modelr","Version":"0.1.8","Repository":"CRAN"},"munsell":{"Source":"Repository","Package":"munsell","Version":"0.5.0","Repository":"CRAN"},"odbc":{"Source":"Repository","Package":"odbc","Version":"1.3.2","Repository":"CRAN"},"officer":{"Source":"Repository","Package":"officer","Version":"0.3.18","Repository":"CRAN"},"openssl":{"Source":"Repository","Package":"openssl","Version":"1.4.4","Repository":"CRAN"},"parallelly":{"Source":"Repository","Package":"parallelly","Version":"1.26.0","Repository":"CRAN"},"paws.common":{"Source":"Repository","Package":"paws.common","Version":"0.3.11","Repository":"CRAN"},"paws.storage":{"Source":"Repository","Package":"paws.storage","Version":"0.1.11","Repository":"CRAN"},"pillar":{"Source":"Repository","Package":"pillar","Version":"1.6.1","Repository":"CRAN"},"pkgconfig":{"Source":"Repository","Package":"pkgconfig","Version":"2.0.3","Repository":"CRAN"},"plogr":{"Source":"Repository","Package":"plogr","Version":"0.2.0","Repository":"CRAN"},"png":{"Source":"Repository","Package":"png","Version":"0.1-7","Repository":"CRAN"},"prettyunits":{"Source":"Repository","Package":"prettyunits","Version":"1.1.1","Repository":"CRAN"},"processx":{"Source":"Repository","Package":"processx","Version":"3.5.2","Repository":"CRAN"},"progress":{"Source":"Repository","Package":"progress","Version":"1.2.2","Repository":"CRAN"},"promises":{"Source":"Repository","Package":"promises","Version":"1.2.0.1","Repository":"CRAN"},"protolite":{"Source":"Repository","Package":"protolite","Version":"2.1","Repository":"CRAN"},"proxy":{"Source":"Repository","Package":"proxy","Version":"0.4-26","Repository":"CRAN"},"ps":{"Source":"Repository","Package":"ps","Version":"1.6.0","Repository":"CRAN"},"purrr":{"Source":"Repository","Package":"purrr","Version":"0.3.4","Repository":"CRAN"},"qfes":{"Source":"GitHub","Package":"qfes","Version":"0.5.1.9200","Remotes":"obrl-soil/h3jsr, qfes/qfesdata","RemoteType":"github","RemoteHost":"api.github.com","RemoteRepo":"qfes","RemoteUsername":"qfes","RemotePkgRef":"qfes/qfes","RemoteRef":"HEAD","RemoteSha":"257699ed82a302bbfb43224362bacfd11eab8896"},"qfesdata":{"Source":"GitHub","Package":"qfesdata","Version":"0.1.2.9300","Remotes":"qfes/qfesutils, anthonynorth/roxyglobals","RemoteType":"github","RemoteHost":"api.github.com","RemoteRepo":"qfesdata","RemoteUsername":"qfes","RemotePkgRef":"qfes/qfesdata","RemoteRef":"HEAD","RemoteSha":"3fbcc45bb110f9cd47617ad2ec50f46487c3de6d"},"qfesemail":{"Source":"GitHub","Package":"qfesemail","Version":"0.0.1","RemoteType":"github","RemoteHost":"api.github.com","RemoteRepo":"qfesemail","RemoteUsername":"qfes","RemotePkgRef":"qfes/qfesemail","RemoteRef":"HEAD","RemoteSha":"6ae829374f22f97125cfc25033a8e31b76ee32bb"},"qfesutils":{"Source":"GitHub","Package":"qfesutils","Version":"0.4.0.9300","Remotes":"anthonynorth/roxyglobals","RemoteType":"github","RemoteHost":"api.github.com","RemoteRepo":"qfesutils","RemoteUsername":"qfes","RemotePkgRef":"qfes/qfesutils","RemoteRef":"HEAD","RemoteSha":"350b81a84859ad8c885b93477c9af8c2f6456a27"},"ragg":{"Source":"Repository","Package":"ragg","Version":"1.1.3","Repository":"CRAN"},"rapidjsonr":{"Source":"Repository","Package":"rapidjsonr","Version":"1.2.0","Repository":"CRAN"},"rappdirs":{"Source":"Repository","Package":"rappdirs","Version":"0.3.3","Repository":"CRAN"},"rdeck.controls":{"Source":"GitHub","Package":"rdeck.controls","Version":"0.2.0","Remotes":"anthonynorth/rdeck, anthonynorth/roxyglobals","RemoteType":"github","RemoteHost":"api.github.com","RemoteRepo":"rdeck.controls","RemoteUsername":"qfes","RemotePkgRef":"qfes/rdeck.controls","RemoteRef":"HEAD","RemoteSha":"9b2865ee82b47327c9a8bbc3f11c74c6eecdd6b8"},"rdeck":{"Source":"GitHub","Package":"rdeck","Version":"0.3.0.9400","Remotes":"anthonynorth/roxyglobals, anthonynorth/stylebox","RemoteType":"github","RemoteHost":"api.github.com","RemoteRepo":"rdeck","RemoteUsername":"anthonynorth","RemotePkgRef":"anthonynorth/rdeck","RemoteRef":"HEAD","RemoteSha":"702fc0b19f96e1a1142dd24b3b6f1343b36a9e85"},"readr":{"Source":"Repository","Package":"readr","Version":"1.4.0","Repository":"CRAN"},"readxl":{"Source":"Repository","Package":"readxl","Version":"1.3.1","Repository":"CRAN"},"rematch":{"Source":"Repository","Package":"rematch","Version":"1.0.1","Repository":"CRAN"},"rematch2":{"Source":"Repository","Package":"rematch2","Version":"2.1.2","Repository":"CRAN"},"remotes":{"Source":"Repository","Package":"remotes","Version":"2.4.0","Repository":"CRAN"},"renv":{"Source":"GitHub","Package":"renv","Version":"0.13.2-102","RemoteType":"github","RemoteHost":"api.github.com","RemoteRepo":"renv","RemoteUsername":"rstudio","RemotePkgRef":"rstudio/renv","RemoteRef":"HEAD","RemoteSha":"f1dde0e9f898992f8d8effdc83fd4538a0da1390"},"reprex":{"Source":"Repository","Package":"reprex","Version":"2.0.0","Repository":"CRAN"},"rgeos":{"Source":"Repository","Package":"rgeos","Version":"0.5-5","Repository":"CRAN"},"rlang":{"Source":"Repository","Package":"rlang","Version":"0.4.11","Repository":"CRAN"},"rmapshaper":{"Source":"Repository","Package":"rmapshaper","Version":"0.4.5","Repository":"CRAN"},"rmarkdown":{"Source":"Repository","Package":"rmarkdown","Version":"2.9","Repository":"CRAN"},"rstudioapi":{"Source":"Repository","Package":"rstudioapi","Version":"0.13","Repository":"CRAN"},"rvest":{"Source":"Repository","Package":"rvest","Version":"1.0.0","Repository":"CRAN"},"rvg":{"Source":"CRAN","Package":"rvg","Version":"0.2.5","Repository":"CRAN","RemoteType":"standard","RemotePkgRef":"rvg","RemoteRef":"rvg","RemoteRepos":"https://cran.rstudio.com","RemotePkgPlatform":"windows","RemoteSha":"0.2.5"},"s2":{"Source":"Repository","Package":"s2","Version":"1.0.5","Repository":"CRAN"},"sass":{"Source":"Repository","Package":"sass","Version":"0.4.0","Repository":"CRAN"},"scales":{"Source":"Repository","Package":"scales","Version":"1.1.1","Repository":"CRAN"},"selectr":{"Source":"Repository","Package":"selectr","Version":"0.4-2","Repository":"CRAN"},"sf":{"Source":"Repository","Package":"sf","Version":"1.0-0","Repository":"CRAN"},"sfheaders":{"Source":"Repository","Package":"sfheaders","Version":"0.4.0","Repository":"CRAN"},"shiny":{"Source":"Repository","Package":"shiny","Version":"1.6.0","Repository":"CRAN"},"snakecase":{"Source":"Repository","Package":"snakecase","Version":"0.11.0","Repository":"CRAN"},"sodium":{"Source":"Repository","Package":"sodium","Version":"1.1","Repository":"CRAN"},"sourcetools":{"Source":"Repository","Package":"sourcetools","Version":"0.1.7","Repository":"CRAN"},"sp":{"Source":"Repository","Package":"sp","Version":"1.4-5","Repository":"CRAN"},"stringi":{"Source":"Repository","Package":"stringi","Version":"1.6.1","Repository":"CRAN"},"stringr":{"Source":"Repository","Package":"stringr","Version":"1.4.0","Repository":"CRAN"},"stylebox":{"Source":"GitHub","Package":"stylebox","Version":"0.1.0","RemoteType":"github","RemoteHost":"api.github.com","RemoteRepo":"stylebox","RemoteUsername":"anthonynorth","RemoteRef":"HEAD","RemoteSha":"500218ead8a13565a06175ab8081990599b5f974"},"svglite":{"Source":"Repository","Package":"svglite","Version":"2.0.0","Repository":"CRAN"},"sys":{"Source":"Repository","Package":"sys","Version":"3.4","Repository":"CRAN"},"systemfonts":{"Source":"Repository","Package":"systemfonts","Version":"1.0.2","Repository":"CRAN"},"tarchetypes":{"Source":"Repository","Package":"tarchetypes","Version":"0.2.0","Repository":"CRAN"},"targets":{"Source":"Repository","Package":"targets","Version":"0.4.2","Repository":"CRAN"},"textshaping":{"Source":"Repository","Package":"textshaping","Version":"0.3.5","Repository":"CRAN"},"tibble":{"Source":"Repository","Package":"tibble","Version":"3.1.2","Repository":"CRAN"},"tidyr":{"Source":"Repository","Package":"tidyr","Version":"1.1.3","Repository":"CRAN"},"tidyselect":{"Source":"Repository","Package":"tidyselect","Version":"1.1.1","Repository":"CRAN"},"tidyverse":{"Source":"Repository","Package":"tidyverse","Version":"1.3.1","Repository":"CRAN"},"tinytex":{"Source":"Repository","Package":"tinytex","Version":"0.32","Repository":"CRAN"},"triebeard":{"Source":"Repository","Package":"triebeard","Version":"0.3.0","Repository":"CRAN"},"units":{"Source":"Repository","Package":"units","Version":"0.7-2","Repository":"CRAN"},"urltools":{"Source":"Repository","Package":"urltools","Version":"1.7.3","Repository":"CRAN"},"using":{"Source":"GitHub","Package":"using","Version":"0.4.0","RemoteType":"github","RemoteHost":"api.github.com","RemoteRepo":"using","RemoteUsername":"anthonynorth","RemoteRef":"HEAD","RemoteSha":"c33a88c5c42c64fd84423a65af7b5a3ae8d5e64a"},"utf8":{"Source":"Repository","Package":"utf8","Version":"1.2.1","Repository":"CRAN"},"uuid":{"Source":"Repository","Package":"uuid","Version":"0.1-4","Repository":"CRAN"},"vctrs":{"Source":"Repository","Package":"vctrs","Version":"0.3.8","Repository":"CRAN"},"viridis":{"Source":"Repository","Package":"viridis","Version":"0.6.1","Repository":"CRAN"},"viridisLite":{"Source":"Repository","Package":"viridisLite","Version":"0.4.0","Repository":"CRAN"},"withr":{"Source":"Repository","Package":"withr","Version":"2.4.2","Repository":"CRAN"},"wk":{"Source":"Repository","Package":"wk","Version":"0.4.1","Repository":"CRAN"},"xfun":{"Source":"Repository","Package":"xfun","Version":"0.24","Repository":"CRAN"},"xml2":{"Source":"Repository","Package":"xml2","Version":"1.3.2","Repository":"CRAN"},"xtable":{"Source":"Repository","Package":"xtable","Version":"1.8-4","Repository":"CRAN"},"yaml":{"Source":"Repository","Package":"yaml","Version":"2.2.1","Repository":"CRAN"},"zip":{"Source":"Repository","Package":"zip","Version":"2.2.0","Repository":"CRAN"}}}
