{
  "R": {
    "Version": "4.2.0",
    "Repositories": [
      {
        "Name": "RSPM",
        "URL": "https://packagemanager.rstudio.com/all/__linux__/focal/latest"
      },
      {
        "Name": "CRAN",
        "URL": "https://cloud.r-project.org"
      }
    ]
  },
  "Packages": {
    "renv": {
      "Source": "GitHub",
      "Package": "renv",
      "Version": "0.15.5",
      "RemoteType": "github",
      "RemoteHost": "api.github.com",
      "RemoteRepo": "renv",
      "RemoteUsername": "rstudio",
      "RemotePkgRef": "rstudio/renv",
      "RemoteRef": "HEAD",
      "RemoteSha": "085673d756bf39960d4c5cd5a0634a3d5e4e925b"
    }
  }
}
